{
  "originHash" : "3de17b5a5f1bd4e94e92f5c26d6b5df7c33a80b40ad7144e18f43a7366339a58",
  "pins" : [
    {
      "identity" : "xmlcoder",
      "kind" : "remoteSourceControl",
      "location" : "https://github.com/CoreOffice/XMLCoder.git",
      "state" : {
        "revision" : "42f62383dbcd074440cb1f6a750b9c02df9e7325",
        "version" : "0.18.2"
      }
    }
  ],
  "version" : 3
}
